
Microsoft Visual Studio Solution File, Format Version 12.00
# Visual Studio 14
VisualStudioVersion = 14.0.23107.0
MinimumVisualStudioVersion = 10.0.40219.1
Project("{FAE04EC0-301F-11D3-BF4B-00C04F79EFBC}") = "Fractional-Knapsack", "Fractional-Knapsack\Fractional-Knapsack.csproj", "{462F0AAB-7142-4EF7-BF41-44D0AAFFE520}"
EndProject
Project("{FAE04EC0-301F-11D3-BF4B-00C04F79EFBC}") = "Knights-Tour", "Knights-Tour\Knights-Tour.csproj", "{8B411D92-56B7-4CCA-82C9-B5203F0E217F}"
EndProject
Project("{FAE04EC0-301F-11D3-BF4B-00C04F79EFBC}") = "Egyptian-Fractions", "Egyptian-Fractions\Egyptian-Fractions.csproj", "{9DFA0783-16E2-4BF3-A5B5-DB3669A7BF8B}"
EndProject
Project("{FAE04EC0-301F-11D3-BF4B-00C04F79EFBC}") = "Best-Lectures-Schedule", "Best-Lectures-Schedule\Best-Lectures-Schedule.csproj", "{B5AA0FE8-C73E-4620-B770-D4FFD74B70AA}"
EndProject
Project("{FAE04EC0-301F-11D3-BF4B-00C04F79EFBC}") = "Processor-Scheduling", "Processor-Scheduling\Processor-Scheduling.csproj", "{B4BAF4CD-32A9-4BC0-AD85-3953449C1479}"
EndProject
Global
	GlobalSection(SolutionConfigurationPlatforms) = preSolution
		Debug|Any CPU = Debug|Any CPU
		Release|Any CPU = Release|Any CPU
	EndGlobalSection
	GlobalSection(ProjectConfigurationPlatforms) = postSolution
		{462F0AAB-7142-4EF7-BF41-44D0AAFFE520}.Debug|Any CPU.ActiveCfg = Debug|Any CPU
		{462F0AAB-7142-4EF7-BF41-44D0AAFFE520}.Debug|Any CPU.Build.0 = Debug|Any CPU
		{462F0AAB-7142-4EF7-BF41-44D0AAFFE520}.Release|Any CPU.ActiveCfg = Release|Any CPU
		{462F0AAB-7142-4EF7-BF41-44D0AAFFE520}.Release|Any CPU.Build.0 = Release|Any CPU
		{8B411D92-56B7-4CCA-82C9-B5203F0E217F}.Debug|Any CPU.ActiveCfg = Debug|Any CPU
		{8B411D92-56B7-4CCA-82C9-B5203F0E217F}.Debug|Any CPU.Build.0 = Debug|Any CPU
		{8B411D92-56B7-4CCA-82C9-B5203F0E217F}.Release|Any CPU.ActiveCfg = Release|Any CPU
		{8B411D92-56B7-4CCA-82C9-B5203F0E217F}.Release|Any CPU.Build.0 = Release|Any CPU
		{9DFA0783-16E2-4BF3-A5B5-DB3669A7BF8B}.Debug|Any CPU.ActiveCfg = Debug|Any CPU
		{9DFA0783-16E2-4BF3-A5B5-DB3669A7BF8B}.Debug|Any CPU.Build.0 = Debug|Any CPU
		{9DFA0783-16E2-4BF3-A5B5-DB3669A7BF8B}.Release|Any CPU.ActiveCfg = Release|Any CPU
		{9DFA0783-16E2-4BF3-A5B5-DB3669A7BF8B}.Release|Any CPU.Build.0 = Release|Any CPU
		{B5AA0FE8-C73E-4620-B770-D4FFD74B70AA}.Debug|Any CPU.ActiveCfg = Debug|Any CPU
		{B5AA0FE8-C73E-4620-B770-D4FFD74B70AA}.Debug|Any CPU.Build.0 = Debug|Any CPU
		{B5AA0FE8-C73E-4620-B770-D4FFD74B70AA}.Release|Any CPU.ActiveCfg = Release|Any CPU
		{B5AA0FE8-C73E-4620-B770-D4FFD74B70AA}.Release|Any CPU.Build.0 = Release|Any CPU
		{B4BAF4CD-32A9-4BC0-AD85-3953449C1479}.Debug|Any CPU.ActiveCfg = Debug|Any CPU
		{B4BAF4CD-32A9-4BC0-AD85-3953449C1479}.Debug|Any CPU.Build.0 = Debug|Any CPU
		{B4BAF4CD-32A9-4BC0-AD85-3953449C1479}.Release|Any CPU.ActiveCfg = Release|Any CPU
		{B4BAF4CD-32A9-4BC0-AD85-3953449C1479}.Release|Any CPU.Build.0 = Release|Any CPU
	EndGlobalSection
	GlobalSection(SolutionProperties) = preSolution
		HideSolutionNode = FALSE
	EndGlobalSection
EndGlobal
