
Microsoft Visual Studio Solution File, Format Version 12.00
# Visual Studio 2013
VisualStudioVersion = 12.0.31101.0
MinimumVisualStudioVersion = 10.0.40219.1
Project("{FAE04EC0-301F-11D3-BF4B-00C04F79EFBC}") = "Reverse-Numbers-With-Stack", "Reverse-Numbers-With-Stack\Reverse-Numbers-With-Stack.csproj", "{6DAF27FC-68E5-4F6F-BF7F-700786ACB51E}"
EndProject
Project("{FAE04EC0-301F-11D3-BF4B-00C04F79EFBC}") = "Sequence-With-Queue", "Sequence-With-Queue\Sequence-With-Queue.csproj", "{86C7B64B-BD1C-4D42-8BA7-481DB21CA45B}"
EndProject
Project("{FAE04EC0-301F-11D3-BF4B-00C04F79EFBC}") = "Array-Based-Stack", "Array-Based-Stack\Array-Based-Stack.csproj", "{62312F6E-09C9-4BE5-8EEA-569CB0E02E13}"
EndProject
Project("{FAE04EC0-301F-11D3-BF4B-00C04F79EFBC}") = "Linked-Stack", "Linked-Stack\Linked-Stack.csproj", "{1F50A8C5-1D7D-4681-B67D-342942A09318}"
EndProject
Project("{FAE04EC0-301F-11D3-BF4B-00C04F79EFBC}") = "Linked-Queue", "Linked-Queue\Linked-Queue.csproj", "{8A995A77-CD59-48E9-AE40-4231A5A59B3B}"
EndProject
Project("{FAE04EC0-301F-11D3-BF4B-00C04F79EFBC}") = "Array-Based-Stack.Tests", "Array-Based-Stack.Tests\Array-Based-Stack.Tests.csproj", "{37F47D88-7573-4D47-96F1-3B4C0A202130}"
EndProject
Project("{FAE04EC0-301F-11D3-BF4B-00C04F79EFBC}") = "Linked-Stack.Tests", "Linked-Stack.Tests\Linked-Stack.Tests.csproj", "{BA357BA1-A95B-4A39-AE79-CF2261CC57CF}"
EndProject
Project("{FAE04EC0-301F-11D3-BF4B-00C04F79EFBC}") = "Linked-Queue.Tests", "Linked-Queue.Tests\Linked-Queue.Tests.csproj", "{D852AD35-E7FC-499B-A913-11479BB76674}"
EndProject
Global
	GlobalSection(SolutionConfigurationPlatforms) = preSolution
		Debug|Any CPU = Debug|Any CPU
		Release|Any CPU = Release|Any CPU
	EndGlobalSection
	GlobalSection(ProjectConfigurationPlatforms) = postSolution
		{6DAF27FC-68E5-4F6F-BF7F-700786ACB51E}.Debug|Any CPU.ActiveCfg = Debug|Any CPU
		{6DAF27FC-68E5-4F6F-BF7F-700786ACB51E}.Debug|Any CPU.Build.0 = Debug|Any CPU
		{6DAF27FC-68E5-4F6F-BF7F-700786ACB51E}.Release|Any CPU.ActiveCfg = Release|Any CPU
		{6DAF27FC-68E5-4F6F-BF7F-700786ACB51E}.Release|Any CPU.Build.0 = Release|Any CPU
		{86C7B64B-BD1C-4D42-8BA7-481DB21CA45B}.Debug|Any CPU.ActiveCfg = Debug|Any CPU
		{86C7B64B-BD1C-4D42-8BA7-481DB21CA45B}.Debug|Any CPU.Build.0 = Debug|Any CPU
		{86C7B64B-BD1C-4D42-8BA7-481DB21CA45B}.Release|Any CPU.ActiveCfg = Release|Any CPU
		{86C7B64B-BD1C-4D42-8BA7-481DB21CA45B}.Release|Any CPU.Build.0 = Release|Any CPU
		{62312F6E-09C9-4BE5-8EEA-569CB0E02E13}.Debug|Any CPU.ActiveCfg = Debug|Any CPU
		{62312F6E-09C9-4BE5-8EEA-569CB0E02E13}.Debug|Any CPU.Build.0 = Debug|Any CPU
		{62312F6E-09C9-4BE5-8EEA-569CB0E02E13}.Release|Any CPU.ActiveCfg = Release|Any CPU
		{62312F6E-09C9-4BE5-8EEA-569CB0E02E13}.Release|Any CPU.Build.0 = Release|Any CPU
		{1F50A8C5-1D7D-4681-B67D-342942A09318}.Debug|Any CPU.ActiveCfg = Debug|Any CPU
		{1F50A8C5-1D7D-4681-B67D-342942A09318}.Debug|Any CPU.Build.0 = Debug|Any CPU
		{1F50A8C5-1D7D-4681-B67D-342942A09318}.Release|Any CPU.ActiveCfg = Release|Any CPU
		{1F50A8C5-1D7D-4681-B67D-342942A09318}.Release|Any CPU.Build.0 = Release|Any CPU
		{8A995A77-CD59-48E9-AE40-4231A5A59B3B}.Debug|Any CPU.ActiveCfg = Debug|Any CPU
		{8A995A77-CD59-48E9-AE40-4231A5A59B3B}.Debug|Any CPU.Build.0 = Debug|Any CPU
		{8A995A77-CD59-48E9-AE40-4231A5A59B3B}.Release|Any CPU.ActiveCfg = Release|Any CPU
		{8A995A77-CD59-48E9-AE40-4231A5A59B3B}.Release|Any CPU.Build.0 = Release|Any CPU
		{37F47D88-7573-4D47-96F1-3B4C0A202130}.Debug|Any CPU.ActiveCfg = Debug|Any CPU
		{37F47D88-7573-4D47-96F1-3B4C0A202130}.Debug|Any CPU.Build.0 = Debug|Any CPU
		{37F47D88-7573-4D47-96F1-3B4C0A202130}.Release|Any CPU.ActiveCfg = Release|Any CPU
		{37F47D88-7573-4D47-96F1-3B4C0A202130}.Release|Any CPU.Build.0 = Release|Any CPU
		{BA357BA1-A95B-4A39-AE79-CF2261CC57CF}.Debug|Any CPU.ActiveCfg = Debug|Any CPU
		{BA357BA1-A95B-4A39-AE79-CF2261CC57CF}.Debug|Any CPU.Build.0 = Debug|Any CPU
		{BA357BA1-A95B-4A39-AE79-CF2261CC57CF}.Release|Any CPU.ActiveCfg = Release|Any CPU
		{BA357BA1-A95B-4A39-AE79-CF2261CC57CF}.Release|Any CPU.Build.0 = Release|Any CPU
		{D852AD35-E7FC-499B-A913-11479BB76674}.Debug|Any CPU.ActiveCfg = Debug|Any CPU
		{D852AD35-E7FC-499B-A913-11479BB76674}.Debug|Any CPU.Build.0 = Debug|Any CPU
		{D852AD35-E7FC-499B-A913-11479BB76674}.Release|Any CPU.ActiveCfg = Release|Any CPU
		{D852AD35-E7FC-499B-A913-11479BB76674}.Release|Any CPU.Build.0 = Release|Any CPU
	EndGlobalSection
	GlobalSection(SolutionProperties) = preSolution
		HideSolutionNode = FALSE
	EndGlobalSection
EndGlobal
