
Microsoft Visual Studio Solution File, Format Version 12.00
# Visual Studio 2013
VisualStudioVersion = 12.0.31101.0
MinimumVisualStudioVersion = 10.0.40219.1
Project("{FAE04EC0-301F-11D3-BF4B-00C04F79EFBC}") = "Advanced-Tree-Structures", "Advanced-Tree-Structures\Advanced-Tree-Structures.csproj", "{2280DA98-CC0A-4084-B796-307036B030D5}"
EndProject
Project("{FAE04EC0-301F-11D3-BF4B-00C04F79EFBC}") = "Fibonacci-Heap", "Fibonacci-Heap\Fibonacci-Heap.csproj", "{A3ACB493-8006-4136-91A8-3CF6F70B90B7}"
EndProject
Global
	GlobalSection(SolutionConfigurationPlatforms) = preSolution
		Debug|Any CPU = Debug|Any CPU
		Release|Any CPU = Release|Any CPU
	EndGlobalSection
	GlobalSection(ProjectConfigurationPlatforms) = postSolution
		{2280DA98-CC0A-4084-B796-307036B030D5}.Debug|Any CPU.ActiveCfg = Debug|Any CPU
		{2280DA98-CC0A-4084-B796-307036B030D5}.Debug|Any CPU.Build.0 = Debug|Any CPU
		{2280DA98-CC0A-4084-B796-307036B030D5}.Release|Any CPU.ActiveCfg = Release|Any CPU
		{2280DA98-CC0A-4084-B796-307036B030D5}.Release|Any CPU.Build.0 = Release|Any CPU
		{A3ACB493-8006-4136-91A8-3CF6F70B90B7}.Debug|Any CPU.ActiveCfg = Debug|Any CPU
		{A3ACB493-8006-4136-91A8-3CF6F70B90B7}.Debug|Any CPU.Build.0 = Debug|Any CPU
		{A3ACB493-8006-4136-91A8-3CF6F70B90B7}.Release|Any CPU.ActiveCfg = Release|Any CPU
		{A3ACB493-8006-4136-91A8-3CF6F70B90B7}.Release|Any CPU.Build.0 = Release|Any CPU
	EndGlobalSection
	GlobalSection(SolutionProperties) = preSolution
		HideSolutionNode = FALSE
	EndGlobalSection
EndGlobal
