
Microsoft Visual Studio Solution File, Format Version 12.00
# Visual Studio 2013
VisualStudioVersion = 12.0.31101.0
MinimumVisualStudioVersion = 10.0.40219.1
Project("{FAE04EC0-301F-11D3-BF4B-00C04F79EFBC}") = "Binomial-Coefficients", "Binomial-Coefficients\Binomial-Coefficients.csproj", "{C3354758-2CE4-4CBC-9214-B2EBDA6091D1}"
EndProject
Project("{FAE04EC0-301F-11D3-BF4B-00C04F79EFBC}") = "Longest-Zigzag-Subsequence", "Longest-Zigzag-Subsequence\Longest-Zigzag-Subsequence.csproj", "{5512D188-F89C-41A1-9C45-CE5080E242EA}"
EndProject
Project("{FAE04EC0-301F-11D3-BF4B-00C04F79EFBC}") = "Sum-With-Unlimited-Coins", "Sum-With-Unlimited-Coins\Sum-With-Unlimited-Coins.csproj", "{9C704132-1730-4BA4-A00D-00F0A4C98B11}"
EndProject
Project("{FAE04EC0-301F-11D3-BF4B-00C04F79EFBC}") = "Sum-With-Limited-Coins", "Sum-With-Limited-Coins\Sum-With-Limited-Coins.csproj", "{BDC1B360-02FD-4F26-8ACF-22A8BB7367B3}"
EndProject
Global
	GlobalSection(SolutionConfigurationPlatforms) = preSolution
		Debug|Any CPU = Debug|Any CPU
		Release|Any CPU = Release|Any CPU
	EndGlobalSection
	GlobalSection(ProjectConfigurationPlatforms) = postSolution
		{C3354758-2CE4-4CBC-9214-B2EBDA6091D1}.Debug|Any CPU.ActiveCfg = Debug|Any CPU
		{C3354758-2CE4-4CBC-9214-B2EBDA6091D1}.Debug|Any CPU.Build.0 = Debug|Any CPU
		{C3354758-2CE4-4CBC-9214-B2EBDA6091D1}.Release|Any CPU.ActiveCfg = Release|Any CPU
		{C3354758-2CE4-4CBC-9214-B2EBDA6091D1}.Release|Any CPU.Build.0 = Release|Any CPU
		{5512D188-F89C-41A1-9C45-CE5080E242EA}.Debug|Any CPU.ActiveCfg = Debug|Any CPU
		{5512D188-F89C-41A1-9C45-CE5080E242EA}.Debug|Any CPU.Build.0 = Debug|Any CPU
		{5512D188-F89C-41A1-9C45-CE5080E242EA}.Release|Any CPU.ActiveCfg = Release|Any CPU
		{5512D188-F89C-41A1-9C45-CE5080E242EA}.Release|Any CPU.Build.0 = Release|Any CPU
		{9C704132-1730-4BA4-A00D-00F0A4C98B11}.Debug|Any CPU.ActiveCfg = Debug|Any CPU
		{9C704132-1730-4BA4-A00D-00F0A4C98B11}.Debug|Any CPU.Build.0 = Debug|Any CPU
		{9C704132-1730-4BA4-A00D-00F0A4C98B11}.Release|Any CPU.ActiveCfg = Release|Any CPU
		{9C704132-1730-4BA4-A00D-00F0A4C98B11}.Release|Any CPU.Build.0 = Release|Any CPU
		{BDC1B360-02FD-4F26-8ACF-22A8BB7367B3}.Debug|Any CPU.ActiveCfg = Debug|Any CPU
		{BDC1B360-02FD-4F26-8ACF-22A8BB7367B3}.Debug|Any CPU.Build.0 = Debug|Any CPU
		{BDC1B360-02FD-4F26-8ACF-22A8BB7367B3}.Release|Any CPU.ActiveCfg = Release|Any CPU
		{BDC1B360-02FD-4F26-8ACF-22A8BB7367B3}.Release|Any CPU.Build.0 = Release|Any CPU
	EndGlobalSection
	GlobalSection(SolutionProperties) = preSolution
		HideSolutionNode = FALSE
	EndGlobalSection
EndGlobal
